Microsoft Visual Studio Solution File, Format Version 12.00
# Visual Studio Version 17
VisualStudioVersion = 17.5.2.0
MinimumVisualStudioVersion = 10.0.40219.1
Project("{FAE04EC0-301F-11D3-BF4B-00C04F79EFBC}") = "CoureAssessment", "CoureAssessment.csproj", "{461EFF19-0ACF-7B77-78D6-FBED0E730432}"
EndProject
Global
	GlobalSection(SolutionConfigurationPlatforms) = preSolution
		Debug|Any CPU = Debug|Any CPU
		Release|Any CPU = Release|Any CPU
	EndGlobalSection
	GlobalSection(ProjectConfigurationPlatforms) = postSolution
		{461EFF19-0ACF-7B77-78D6-FBED0E730432}.Debug|Any CPU.ActiveCfg = Debug|Any CPU
		{461EFF19-0ACF-7B77-78D6-FBED0E730432}.Debug|Any CPU.Build.0 = Debug|Any CPU
		{461EFF19-0ACF-7B77-78D6-FBED0E730432}.Release|Any CPU.ActiveCfg = Release|Any CPU
		{461EFF19-0ACF-7B77-78D6-FBED0E730432}.Release|Any CPU.Build.0 = Release|Any CPU
	EndGlobalSection
	GlobalSection(SolutionProperties) = preSolution
		HideSolutionNode = FALSE
	EndGlobalSection
	GlobalSection(ExtensibilityGlobals) = postSolution
		SolutionGuid = {C6C2A114-BEF5-42C5-B891-4CB060D888F5}
	EndGlobalSection
EndGlobal
